// !$*UTF8*$!
{
	archiveVersion = 1;
	classes = {
	};
	objectVersion = 48;
	objects = {

/* Begin PBXBuildFile section */
		DE8D95F9213DB3050055E6FD /* ContentViewController.swift in Sources */ = {isa = PBXBuildFile; fileRef = DE8D95E8213DB3050055E6FD /* ContentViewController.swift */; };
		DE8D95FA213DB3050055E6FD /* ViewController.swift in Sources */ = {isa = PBXBuildFile; fileRef = DE8D95E9213DB3050055E6FD /* ViewController.swift */; };
		DE8D95FB213DB3050055E6FD /* Assets.xcassets in Resources */ = {isa = PBXBuildFile; fileRef = DE8D95EA213DB3050055E6FD /* Assets.xcassets */; };
		DE8D95FC213DB3050055E6FD /* LaunchScreen.storyboard in Resources */ = {isa = PBXBuildFile; fileRef = DE8D95EB213DB3050055E6FD /* LaunchScreen.storyboard */; };
		DE8D95FD213DB3050055E6FD /* Main.storyboard in Resources */ = {isa = PBXBuildFile; fileRef = DE8D95ED213DB3050055E6FD /* Main.storyboard */; };
		DE8D95FE213DB3050055E6FD /* output.mp4 in Resources */ = {isa = PBXBuildFile; fileRef = DE8D95F0213DB3050055E6FD /* output.mp4 */; };
		DE8D95FF213DB3050055E6FD /* output3.mp4 in Resources */ = {isa = PBXBuildFile; fileRef = DE8D95F1213DB3050055E6FD /* output3.mp4 */; };
		DE8D9600213DB3050055E6FD /* output2.mp4 in Resources */ = {isa = PBXBuildFile; fileRef = DE8D95F2213DB3050055E6FD /* output2.mp4 */; };
		DE8D9601213DB3050055E6FD /* PreViewController.swift in Sources */ = {isa = PBXBuildFile; fileRef = DE8D95F3213DB3050055E6FD /* PreViewController.swift */; };
		DE8D9602213DB3050055E6FD /* SegmentedProgressBar.swift in Sources */ = {isa = PBXBuildFile; fileRef = DE8D95F5213DB3050055E6FD /* SegmentedProgressBar.swift */; };
		DE8D9603213DB3050055E6FD /* usersCollectionViewCell.swift in Sources */ = {isa = PBXBuildFile; fileRef = DE8D95F6213DB3050055E6FD /* usersCollectionViewCell.swift */; };
		DE8D9604213DB3050055E6FD /* AppDelegate.swift in Sources */ = {isa = PBXBuildFile; fileRef = DE8D95F7213DB3050055E6FD /* AppDelegate.swift */; };
		DE8D9605213DB3050055E6FD /* Info.plist in Resources */ = {isa = PBXBuildFile; fileRef = DE8D95F8213DB3050055E6FD /* Info.plist */; };
/* End PBXBuildFile section */

/* Begin PBXFileReference section */
		7BF281391F86119A00DDB2E4 /* ARStories.app */ = {isa = PBXFileReference; explicitFileType = wrapper.application; includeInIndex = 0; path = ARStories.app; sourceTree = BUILT_PRODUCTS_DIR; };
		DE8D95E8213DB3050055E6FD /* ContentViewController.swift */ = {isa = PBXFileReference; fileEncoding = 4; lastKnownFileType = sourcecode.swift; path = ContentViewController.swift; sourceTree = "<group>"; };
		DE8D95E9213DB3050055E6FD /* ViewController.swift */ = {isa = PBXFileReference; fileEncoding = 4; lastKnownFileType = sourcecode.swift; path = ViewController.swift; sourceTree = "<group>"; };
		DE8D95EA213DB3050055E6FD /* Assets.xcassets */ = {isa = PBXFileReference; lastKnownFileType = folder.assetcatalog; path = Assets.xcassets; sourceTree = "<group>"; };
		DE8D95EC213DB3050055E6FD /* Base */ = {isa = PBXFileReference; lastKnownFileType = file.storyboard; name = Base; path = Base.lproj/LaunchScreen.storyboard; sourceTree = "<group>"; };
		DE8D95EE213DB3050055E6FD /* Base */ = {isa = PBXFileReference; lastKnownFileType = file.storyboard; name = Base; path = Base.lproj/Main.storyboard; sourceTree = "<group>"; };
		DE8D95F0213DB3050055E6FD /* output.mp4 */ = {isa = PBXFileReference; lastKnownFileType = file; path = output.mp4; sourceTree = "<group>"; };
		DE8D95F1213DB3050055E6FD /* output3.mp4 */ = {isa = PBXFileReference; lastKnownFileType = file; path = output3.mp4; sourceTree = "<group>"; };
		DE8D95F2213DB3050055E6FD /* output2.mp4 */ = {isa = PBXFileReference; lastKnownFileType = file; path = output2.mp4; sourceTree = "<group>"; };
		DE8D95F3213DB3050055E6FD /* PreViewController.swift */ = {isa = PBXFileReference; fileEncoding = 4; lastKnownFileType = sourcecode.swift; path = PreViewController.swift; sourceTree = "<group>"; };
		DE8D95F5213DB3050055E6FD /* SegmentedProgressBar.swift */ = {isa = PBXFileReference; fileEncoding = 4; lastKnownFileType = sourcecode.swift; path = SegmentedProgressBar.swift; sourceTree = "<group>"; };
		DE8D95F6213DB3050055E6FD /* usersCollectionViewCell.swift */ = {isa = PBXFileReference; fileEncoding = 4; lastKnownFileType = sourcecode.swift; path = usersCollectionViewCell.swift; sourceTree = "<group>"; };
		DE8D95F7213DB3050055E6FD /* AppDelegate.swift */ = {isa = PBXFileReference; fileEncoding = 4; lastKnownFileType = sourcecode.swift; path = AppDelegate.swift; sourceTree = "<group>"; };
		DE8D95F8213DB3050055E6FD /* Info.plist */ = {isa = PBXFileReference; fileEncoding = 4; lastKnownFileType = text.plist.xml; path = Info.plist; sourceTree = "<group>"; };
/* End PBXFileReference section */

/* Begin PBXFrameworksBuildPhase section */
		7BF281361F86119A00DDB2E4 /* Frameworks */ = {
			isa = PBXFrameworksBuildPhase;
			buildActionMask = 2147483647;
			files = (
			);
			runOnlyForDeploymentPostprocessing = 0;
		};
/* End PBXFrameworksBuildPhase section */

/* Begin PBXGroup section */
		7BF281301F86119A00DDB2E4 = {
			isa = PBXGroup;
			children = (
				DE8D95E7213DB3050055E6FD /* ARStories */,
				7BF2813A1F86119A00DDB2E4 /* Products */,
			);
			sourceTree = "<group>";
		};
		7BF2813A1F86119A00DDB2E4 /* Products */ = {
			isa = PBXGroup;
			children = (
				7BF281391F86119A00DDB2E4 /* ARStories.app */,
			);
			name = Products;
			sourceTree = "<group>";
		};
		DE8D95E7213DB3050055E6FD /* ARStories */ = {
			isa = PBXGroup;
			children = (
				DE8D95E8213DB3050055E6FD /* ContentViewController.swift */,
				DE8D95E9213DB3050055E6FD /* ViewController.swift */,
				DE8D95EA213DB3050055E6FD /* Assets.xcassets */,
				DE8D95EB213DB3050055E6FD /* LaunchScreen.storyboard */,
				DE8D95ED213DB3050055E6FD /* Main.storyboard */,
				DE8D95EF213DB3050055E6FD /* videos */,
				DE8D95F3213DB3050055E6FD /* PreViewController.swift */,
				DE8D95F4213DB3050055E6FD /* helper */,
				DE8D95F7213DB3050055E6FD /* AppDelegate.swift */,
				DE8D95F8213DB3050055E6FD /* Info.plist */,
			);
			path = ARStories;
			sourceTree = "<group>";
		};
		DE8D95EF213DB3050055E6FD /* videos */ = {
			isa = PBXGroup;
			children = (
				DE8D95F0213DB3050055E6FD /* output.mp4 */,
				DE8D95F1213DB3050055E6FD /* output3.mp4 */,
				DE8D95F2213DB3050055E6FD /* output2.mp4 */,
			);
			path = videos;
			sourceTree = "<group>";
		};
		DE8D95F4213DB3050055E6FD /* helper */ = {
			isa = PBXGroup;
			children = (
				DE8D95F5213DB3050055E6FD /* SegmentedProgressBar.swift */,
				DE8D95F6213DB3050055E6FD /* usersCollectionViewCell.swift */,
			);
			path = helper;
			sourceTree = "<group>";
		};
/* End PBXGroup section */

/* Begin PBXNativeTarget section */
		7BF281381F86119A00DDB2E4 /* ARStories */ = {
			isa = PBXNativeTarget;
			buildConfigurationList = 7BF2814B1F86119A00DDB2E4 /* Build configuration list for PBXNativeTarget "ARStories" */;
			buildPhases = (
				7BF281351F86119A00DDB2E4 /* Sources */,
				7BF281361F86119A00DDB2E4 /* Frameworks */,
				7BF281371F86119A00DDB2E4 /* Resources */,
			);
			buildRules = (
			);
			dependencies = (
			);
			name = ARStories;
			productName = InstagramStories;
			productReference = 7BF281391F86119A00DDB2E4 /* ARStories.app */;
			productType = "com.apple.product-type.application";
		};
/* End PBXNativeTarget section */

/* Begin PBXProject section */
		7BF281311F86119A00DDB2E4 /* Project object */ = {
			isa = PBXProject;
			attributes = {
				LastSwiftUpdateCheck = 0900;
				LastUpgradeCheck = 0900;
				TargetAttributes = {
					7BF281381F86119A00DDB2E4 = {
						CreatedOnToolsVersion = 9.0;
						ProvisioningStyle = Manual;
					};
				};
			};
			buildConfigurationList = 7BF281341F86119A00DDB2E4 /* Build configuration list for PBXProject "ARStories" */;
			compatibilityVersion = "Xcode 8.0";
			developmentRegion = en;
			hasScannedForEncodings = 0;
			knownRegions = (
				en,
				Base,
			);
			mainGroup = 7BF281301F86119A00DDB2E4;
			productRefGroup = 7BF2813A1F86119A00DDB2E4 /* Products */;
			projectDirPath = "";
			projectRoot = "";
			targets = (
				7BF281381F86119A00DDB2E4 /* ARStories */,
			);
		};
/* End PBXProject section */

/* Begin PBXResourcesBuildPhase section */
		7BF281371F86119A00DDB2E4 /* Resources */ = {
			isa = PBXResourcesBuildPhase;
			buildActionMask = 2147483647;
			files = (
				DE8D95FD213DB3050055E6FD /* Main.storyboard in Resources */,
				DE8D95FF213DB3050055E6FD /* output3.mp4 in Resources */,
				DE8D95FB213DB3050055E6FD /* Assets.xcassets in Resources */,
				DE8D95FE213DB3050055E6FD /* output.mp4 in Resources */,
				DE8D95FC213DB3050055E6FD /* LaunchScreen.storyboard in Resources */,
				DE8D9600213DB3050055E6FD /* output2.mp4 in Resources */,
				DE8D9605213DB3050055E6FD /* Info.plist in Resources */,
			);
			runOnlyForDeploymentPostprocessing = 0;
		};
/* End PBXResourcesBuildPhase section */

/* Begin PBXSourcesBuildPhase section */
		7BF281351F86119A00DDB2E4 /* Sources */ = {
			isa = PBXSourcesBuildPhase;
			buildActionMask = 2147483647;
			files = (
				DE8D9604213DB3050055E6FD /* AppDelegate.swift in Sources */,
				DE8D95FA213DB3050055E6FD /* ViewController.swift in Sources */,
				DE8D9601213DB3050055E6FD /* PreViewController.swift in Sources */,
				DE8D95F9213DB3050055E6FD /* ContentViewController.swift in Sources */,
				DE8D9602213DB3050055E6FD /* SegmentedProgressBar.swift in Sources */,
				DE8D9603213DB3050055E6FD /* usersCollectionViewCell.swift in Sources */,
			);
			runOnlyForDeploymentPostprocessing = 0;
		};
/* End PBXSourcesBuildPhase section */

/* Begin PBXVariantGroup section */
		DE8D95EB213DB3050055E6FD /* LaunchScreen.storyboard */ = {
			isa = PBXVariantGroup;
			children = (
				DE8D95EC213DB3050055E6FD /* Base */,
			);
			name = LaunchScreen.storyboard;
			sourceTree = "<group>";
		};
		DE8D95ED213DB3050055E6FD /* Main.storyboard */ = {
			isa = PBXVariantGroup;
			children = (
				DE8D95EE213DB3050055E6FD /* Base */,
			);
			name = Main.storyboard;
			sourceTree = "<group>";
		};
/* End PBXVariantGroup section */

/* Begin XCBuildConfiguration section */
		7BF281491F86119A00DDB2E4 /* Debug */ = {
			isa = XCBuildConfiguration;
			buildSettings = {
				ALWAYS_SEARCH_USER_PATHS = NO;
				CLANG_ANALYZER_NONNULL = YES;
				CLANG_ANALYZER_NUMBER_OBJECT_CONVERSION = YES_AGGRESSIVE;
				CLANG_CXX_LANGUAGE_STANDARD = "gnu++14";
				CLANG_CXX_LIBRARY = "libc++";
				CLANG_ENABLE_MODULES = YES;
				CLANG_ENABLE_OBJC_ARC = YES;
				CLANG_WARN_BLOCK_CAPTURE_AUTORELEASING = YES;
				CLANG_WARN_BOOL_CONVERSION = YES;
				CLANG_WARN_COMMA = YES;
				CLANG_WARN_CONSTANT_CONVERSION = YES;
				CLANG_WARN_DIRECT_OBJC_ISA_USAGE = YES_ERROR;
				CLANG_WARN_DOCUMENTATION_COMMENTS = YES;
				CLANG_WARN_EMPTY_BODY = YES;
				CLANG_WARN_ENUM_CONVERSION = YES;
				CLANG_WARN_INFINITE_RECURSION = YES;
				CLANG_WARN_INT_CONVERSION = YES;
				CLANG_WARN_NON_LITERAL_NULL_CONVERSION = YES;
				CLANG_WARN_OBJC_LITERAL_CONVERSION = YES;
				CLANG_WARN_OBJC_ROOT_CLASS = YES_ERROR;
				CLANG_WARN_RANGE_LOOP_ANALYSIS = YES;
				CLANG_WARN_STRICT_PROTOTYPES = YES;
				CLANG_WARN_SUSPICIOUS_MOVE = YES;
				CLANG_WARN_UNGUARDED_AVAILABILITY = YES_AGGRESSIVE;
				CLANG_WARN_UNREACHABLE_CODE = YES;
				CLANG_WARN__DUPLICATE_METHOD_MATCH = YES;
				CODE_SIGN_IDENTITY = "iPhone Developer";
				COPY_PHASE_STRIP = NO;
				DEBUG_INFORMATION_FORMAT = dwarf;
				ENABLE_STRICT_OBJC_MSGSEND = YES;
				ENABLE_TESTABILITY = YES;
				GCC_C_LANGUAGE_STANDARD = gnu11;
				GCC_DYNAMIC_NO_PIC = NO;
				GCC_NO_COMMON_BLOCKS = YES;
				GCC_OPTIMIZATION_LEVEL = 0;
				GCC_PREPROCESSOR_DEFINITIONS = (
					"DEBUG=1",
					"$(inherited)",
				);
				GCC_WARN_64_TO_32_BIT_CONVERSION = YES;
				GCC_WARN_ABOUT_RETURN_TYPE = YES_ERROR;
				GCC_WARN_UNDECLARED_SELECTOR = YES;
				GCC_WARN_UNINITIALIZED_AUTOS = YES_AGGRESSIVE;
				GCC_WARN_UNUSED_FUNCTION = YES;
				GCC_WARN_UNUSED_VARIABLE = YES;
				IPHONEOS_DEPLOYMENT_TARGET = 9.0;
				MTL_ENABLE_DEBUG_INFO = YES;
				ONLY_ACTIVE_ARCH = YES;
				SDKROOT = iphoneos;
				SWIFT_ACTIVE_COMPILATION_CONDITIONS = DEBUG;
				SWIFT_OPTIMIZATION_LEVEL = "-Onone";
			};
			name = Debug;
		};
		7BF2814A1F86119A00DDB2E4 /* Release */ = {
			isa = XCBuildConfiguration;
			buildSettings = {
				ALWAYS_SEARCH_USER_PATHS = NO;
				CLANG_ANALYZER_NONNULL = YES;
				CLANG_ANALYZER_NUMBER_OBJECT_CONVERSION = YES_AGGRESSIVE;
				CLANG_CXX_LANGUAGE_STANDARD = "gnu++14";
				CLANG_CXX_LIBRARY = "libc++";
				CLANG_ENABLE_MODULES = YES;
				CLANG_ENABLE_OBJC_ARC = YES;
				CLANG_WARN_BLOCK_CAPTURE_AUTORELEASING = YES;
				CLANG_WARN_BOOL_CONVERSION = YES;
				CLANG_WARN_COMMA = YES;
				CLANG_WARN_CONSTANT_CONVERSION = YES;
				CLANG_WARN_DIRECT_OBJC_ISA_USAGE = YES_ERROR;
				CLANG_WARN_DOCUMENTATION_COMMENTS = YES;
				CLANG_WARN_EMPTY_BODY = YES;
				CLANG_WARN_ENUM_CONVERSION = YES;
				CLANG_WARN_INFINITE_RECURSION = YES;
				CLANG_WARN_INT_CONVERSION = YES;
				CLANG_WARN_NON_LITERAL_NULL_CONVERSION = YES;
				CLANG_WARN_OBJC_LITERAL_CONVERSION = YES;
				CLANG_WARN_OBJC_ROOT_CLASS = YES_ERROR;
				CLANG_WARN_RANGE_LOOP_ANALYSIS = YES;
				CLANG_WARN_STRICT_PROTOTYPES = YES;
				CLANG_WARN_SUSPICIOUS_MOVE = YES;
				CLANG_WARN_UNGUARDED_AVAILABILITY = YES_AGGRESSIVE;
				CLANG_WARN_UNREACHABLE_CODE = YES;
				CLANG_WARN__DUPLICATE_METHOD_MATCH = YES;
				CODE_SIGN_IDENTITY = "iPhone Developer";
				COPY_PHASE_STRIP = NO;
				DEBUG_INFORMATION_FORMAT = "dwarf-with-dsym";
				ENABLE_NS_ASSERTIONS = NO;
				ENABLE_STRICT_OBJC_MSGSEND = YES;
				GCC_C_LANGUAGE_STANDARD = gnu11;
				GCC_NO_COMMON_BLOCKS = YES;
				GCC_WARN_64_TO_32_BIT_CONVERSION = YES;
				GCC_WARN_ABOUT_RETURN_TYPE = YES_ERROR;
				GCC_WARN_UNDECLARED_SELECTOR = YES;
				GCC_WARN_UNINITIALIZED_AUTOS = YES_AGGRESSIVE;
				GCC_WARN_UNUSED_FUNCTION = YES;
				GCC_WARN_UNUSED_VARIABLE = YES;
				IPHONEOS_DEPLOYMENT_TARGET = 9.0;
				MTL_ENABLE_DEBUG_INFO = NO;
				SDKROOT = iphoneos;
				SWIFT_OPTIMIZATION_LEVEL = "-Owholemodule";
				VALIDATE_PRODUCT = YES;
			};
			name = Release;
		};
		7BF2814C1F86119A00DDB2E4 /* Debug */ = {
			isa = XCBuildConfiguration;
			buildSettings = {
				ASSETCATALOG_COMPILER_APPICON_NAME = AppIcon;
				CODE_SIGN_STYLE = Manual;
				DEVELOPMENT_TEAM = "";
				INFOPLIST_FILE = ARStories/Info.plist;
				IPHONEOS_DEPLOYMENT_TARGET = 9.0;
				LD_RUNPATH_SEARCH_PATHS = "$(inherited) @executable_path/Frameworks";
				PRODUCT_BUNDLE_IDENTIFIER = com.ARStories;
				PRODUCT_NAME = "$(TARGET_NAME)";
				PROVISIONING_PROFILE_SPECIFIER = "";
				SWIFT_VERSION = 4.0;
				TARGETED_DEVICE_FAMILY = 1;
			};
			name = Debug;
		};
		7BF2814D1F86119A00DDB2E4 /* Release */ = {
			isa = XCBuildConfiguration;
			buildSettings = {
				ASSETCATALOG_COMPILER_APPICON_NAME = AppIcon;
				CODE_SIGN_STYLE = Manual;
				DEVELOPMENT_TEAM = "";
				INFOPLIST_FILE = ARStories/Info.plist;
				IPHONEOS_DEPLOYMENT_TARGET = 9.0;
				LD_RUNPATH_SEARCH_PATHS = "$(inherited) @executable_path/Frameworks";
				PRODUCT_BUNDLE_IDENTIFIER = com.ARStories;
				PRODUCT_NAME = "$(TARGET_NAME)";
				PROVISIONING_PROFILE_SPECIFIER = "";
				SWIFT_VERSION = 4.0;
				TARGETED_DEVICE_FAMILY = 1;
			};
			name = Release;
		};
/* End XCBuildConfiguration section */

/* Begin XCConfigurationList section */
		7BF281341F86119A00DDB2E4 /* Build configuration list for PBXProject "ARStories" */ = {
			isa = XCConfigurationList;
			buildConfigurations = (
				7BF281491F86119A00DDB2E4 /* Debug */,
				7BF2814A1F86119A00DDB2E4 /* Release */,
			);
			defaultConfigurationIsVisible = 0;
			defaultConfigurationName = Release;
		};
		7BF2814B1F86119A00DDB2E4 /* Build configuration list for PBXNativeTarget "ARStories" */ = {
			isa = XCConfigurationList;
			buildConfigurations = (
				7BF2814C1F86119A00DDB2E4 /* Debug */,
				7BF2814D1F86119A00DDB2E4 /* Release */,
			);
			defaultConfigurationIsVisible = 0;
			defaultConfigurationName = Release;
		};
/* End XCConfigurationList section */
	};
	rootObject = 7BF281311F86119A00DDB2E4 /* Project object */;
}
